
Microsoft Visual Studio Solution File, Format Version 12.00
# Visual Studio Version 17
VisualStudioVersion = 17.11.35327.3
MinimumVisualStudioVersion = 10.0.40219.1
Project("{8BC9CEB8-8B4A-11D0-8D11-00A0C91BC942}") = "PWJC", "PWJC.vcxproj", "{45511F00-8404-473C-A8DC-6D2E376A8032}"
EndProject
Global
	GlobalSection(SolutionConfigurationPlatforms) = preSolution
		Debug|x64 = Debug|x64
		Debug|x86 = Debug|x86
		Release|x64 = Release|x64
		Release|x86 = Release|x86
	EndGlobalSection
	GlobalSection(ProjectConfigurationPlatforms) = postSolution
		{45511F00-8404-473C-A8DC-6D2E376A8032}.Debug|x64.ActiveCfg = Debug|x64
		{45511F00-8404-473C-A8DC-6D2E376A8032}.Debug|x64.Build.0 = Debug|x64
		{45511F00-8404-473C-A8DC-6D2E376A8032}.Debug|x86.ActiveCfg = Debug|Win32
		{45511F00-8404-473C-A8DC-6D2E376A8032}.Debug|x86.Build.0 = Debug|Win32
		{45511F00-8404-473C-A8DC-6D2E376A8032}.Release|x64.ActiveCfg = Release|x64
		{45511F00-8404-473C-A8DC-6D2E376A8032}.Release|x64.Build.0 = Release|x64
		{45511F00-8404-473C-A8DC-6D2E376A8032}.Release|x86.ActiveCfg = Release|Win32
		{45511F00-8404-473C-A8DC-6D2E376A8032}.Release|x86.Build.0 = Release|Win32
	EndGlobalSection
	GlobalSection(SolutionProperties) = preSolution
		HideSolutionNode = FALSE
	EndGlobalSection
	GlobalSection(ExtensibilityGlobals) = postSolution
		SolutionGuid = {99888D63-1FFF-47BE-B520-C118219F7CD2}
	EndGlobalSection
EndGlobal
